
Microsoft Visual Studio Solution File, Format Version 12.00
# Visual Studio Version 17
VisualStudioVersion = 17.11.35222.181
MinimumVisualStudioVersion = 10.0.40219.1
Project("{8BC9CEB8-8B4A-11D0-8D11-00A0C91BC942}") = "keyboard", "driver\keyboard\keyboard.vcxproj", "{1C3E5A7F-9B2D-4E6C-8A1F-5D3B7C9E2A48}"
EndProject
Project("{8BC9CEB8-8B4A-11D0-8D11-00A0C91BC942}") = "mouse", "driver\mouse\mouse.vcxproj", "{2D4F6B8A-AC3E-4F7D-9B2A-6E4C8D1A3F59}"
EndProject
Project("{8BC9CEB8-8B4A-11D0-8D11-00A0C91BC942}") = "OpenInputBridgeSetup", "installer\OpenInputBridgeSetup.vcxproj", "{63B4A2EB-DF9A-46C4-BECD-D9B93186C785}"
EndProject
Project("{8BC9CEB8-8B4A-11D0-8D11-00A0C91BC942}") = "Packaging", "packaging\Packaging.vcxproj", "{A3D8F2C1-6B4E-4F7A-9D2C-8E5B1A7F3C90}"
	ProjectSection(ProjectDependencies) = postProject
		{1C3E5A7F-9B2D-4E6C-8A1F-5D3B7C9E2A48} = {1C3E5A7F-9B2D-4E6C-8A1F-5D3B7C9E2A48}
		{2D4F6B8A-AC3E-4F7D-9B2A-6E4C8D1A3F59} = {2D4F6B8A-AC3E-4F7D-9B2A-6E4C8D1A3F59}
		{63B4A2EB-DF9A-46C4-BECD-D9B93186C785} = {63B4A2EB-DF9A-46C4-BECD-D9B93186C785}
	EndProjectSection
EndProject
Project("{8BC9CEB8-8B4A-11D0-8D11-00A0C91BC942}") = "InterceptionLib", "tests\upstream_lib\InterceptionLib.vcxproj", "{7C3B9E2F-4A1D-4E6C-8B5F-9D2A6C8E1B34}"
EndProject
Project("{8BC9CEB8-8B4A-11D0-8D11-00A0C91BC942}") = "IdentifySample", "tests\upstream_lib\IdentifySample.vcxproj", "{9E4D2A7C-5F1B-4C8E-A3D6-1B7F9E2C4A5D}"
	ProjectSection(ProjectDependencies) = postProject
		{7C3B9E2F-4A1D-4E6C-8B5F-9D2A6C8E1B34} = {7C3B9E2F-4A1D-4E6C-8B5F-9D2A6C8E1B34}
	EndProjectSection
EndProject
Project("{8BC9CEB8-8B4A-11D0-8D11-00A0C91BC942}") = "Identify2Sample", "tests\upstream_lib\Identify2Sample.vcxproj", "{B5E8F3A1-7C2D-4E9B-A4F6-3D8C1E9B5A72}"
	ProjectSection(ProjectDependencies) = postProject
		{7C3B9E2F-4A1D-4E6C-8B5F-9D2A6C8E1B34} = {7C3B9E2F-4A1D-4E6C-8B5F-9D2A6C8E1B34}
	EndProjectSection
EndProject
Project("{8BC9CEB8-8B4A-11D0-8D11-00A0C91BC942}") = "HardwareIdSample", "tests\upstream_lib\HardwareIdSample.vcxproj", "{D2A6C4E8-9B3F-4A7D-8C1E-6F5A2B9D3E71}"
	ProjectSection(ProjectDependencies) = postProject
		{7C3B9E2F-4A1D-4E6C-8B5F-9D2A6C8E1B34} = {7C3B9E2F-4A1D-4E6C-8B5F-9D2A6C8E1B34}
	EndProjectSection
EndProject
Project("{8BC9CEB8-8B4A-11D0-8D11-00A0C91BC942}") = "PrecedenceProbe", "tests\precedence_blackbox\PrecedenceProbe.vcxproj", "{E7F1A4C2-3B9D-4E6A-9C7F-1D8B4A6E2F53}"
	ProjectSection(ProjectDependencies) = postProject
		{7C3B9E2F-4A1D-4E6C-8B5F-9D2A6C8E1B34} = {7C3B9E2F-4A1D-4E6C-8B5F-9D2A6C8E1B34}
	EndProjectSection
EndProject
Project("{8BC9CEB8-8B4A-11D0-8D11-00A0C91BC942}") = "CapsToEscSample", "tests\upstream_lib\CapsToEscSample.vcxproj", "{4F8A2E6C-1D9B-4C7A-8E3F-2B6D9A4C7E15}"
	ProjectSection(ProjectDependencies) = postProject
		{7C3B9E2F-4A1D-4E6C-8B5F-9D2A6C8E1B34} = {7C3B9E2F-4A1D-4E6C-8B5F-9D2A6C8E1B34}
	EndProjectSection
EndProject
Project("{8BC9CEB8-8B4A-11D0-8D11-00A0C91BC942}") = "AxesSample", "tests\upstream_lib\AxesSample.vcxproj", "{A1C4E7B3-6D2F-4A9C-8B5E-3F7A1D9C4E62}"
	ProjectSection(ProjectDependencies) = postProject
		{7C3B9E2F-4A1D-4E6C-8B5F-9D2A6C8E1B34} = {7C3B9E2F-4A1D-4E6C-8B5F-9D2A6C8E1B34}
	EndProjectSection
EndProject
Project("{8BC9CEB8-8B4A-11D0-8D11-00A0C91BC942}") = "CadStopSample", "tests\upstream_lib\CadStopSample.vcxproj", "{B3E6A9C1-4F8D-4B2E-9C6A-5D1F8B3E6A94}"
	ProjectSection(ProjectDependencies) = postProject
		{7C3B9E2F-4A1D-4E6C-8B5F-9D2A6C8E1B34} = {7C3B9E2F-4A1D-4E6C-8B5F-9D2A6C8E1B34}
	EndProjectSection
EndProject
Project("{8BC9CEB8-8B4A-11D0-8D11-00A0C91BC942}") = "MathPointerSample", "tests\upstream_lib\MathPointerSample.vcxproj", "{C5F8B2E4-7A1D-4C3F-9E6B-4D2A7C5F8B16}"
	ProjectSection(ProjectDependencies) = postProject
		{7C3B9E2F-4A1D-4E6C-8B5F-9D2A6C8E1B34} = {7C3B9E2F-4A1D-4E6C-8B5F-9D2A6C8E1B34}
	EndProjectSection
EndProject
Project("{8BC9CEB8-8B4A-11D0-8D11-00A0C91BC942}") = "X2YSample", "tests\upstream_lib\X2YSample.vcxproj", "{D7A2C5E9-3B6F-4D8A-9C1E-6B4F2A7D3C58}"
	ProjectSection(ProjectDependencies) = postProject
		{7C3B9E2F-4A1D-4E6C-8B5F-9D2A6C8E1B34} = {7C3B9E2F-4A1D-4E6C-8B5F-9D2A6C8E1B34}
	EndProjectSection
EndProject
Global
	GlobalSection(SolutionConfigurationPlatforms) = preSolution
		Debug|x64 = Debug|x64
		Release|x64 = Release|x64
		ReleaseWHQL|x64 = ReleaseWHQL|x64
	EndGlobalSection
	GlobalSection(ProjectConfigurationPlatforms) = postSolution
		{1C3E5A7F-9B2D-4E6C-8A1F-5D3B7C9E2A48}.Debug|x64.ActiveCfg = Debug|x64
		{1C3E5A7F-9B2D-4E6C-8A1F-5D3B7C9E2A48}.Debug|x64.Build.0 = Debug|x64
		{1C3E5A7F-9B2D-4E6C-8A1F-5D3B7C9E2A48}.Release|x64.ActiveCfg = Release|x64
		{1C3E5A7F-9B2D-4E6C-8A1F-5D3B7C9E2A48}.Release|x64.Build.0 = Release|x64
		{1C3E5A7F-9B2D-4E6C-8A1F-5D3B7C9E2A48}.ReleaseWHQL|x64.ActiveCfg = Release|x64
		{1C3E5A7F-9B2D-4E6C-8A1F-5D3B7C9E2A48}.ReleaseWHQL|x64.Build.0 = Release|x64
		{2D4F6B8A-AC3E-4F7D-9B2A-6E4C8D1A3F59}.Debug|x64.ActiveCfg = Debug|x64
		{2D4F6B8A-AC3E-4F7D-9B2A-6E4C8D1A3F59}.Debug|x64.Build.0 = Debug|x64
		{2D4F6B8A-AC3E-4F7D-9B2A-6E4C8D1A3F59}.Release|x64.ActiveCfg = Release|x64
		{2D4F6B8A-AC3E-4F7D-9B2A-6E4C8D1A3F59}.Release|x64.Build.0 = Release|x64
		{2D4F6B8A-AC3E-4F7D-9B2A-6E4C8D1A3F59}.ReleaseWHQL|x64.ActiveCfg = Release|x64
		{2D4F6B8A-AC3E-4F7D-9B2A-6E4C8D1A3F59}.ReleaseWHQL|x64.Build.0 = Release|x64
		{63B4A2EB-DF9A-46C4-BECD-D9B93186C785}.Debug|x64.ActiveCfg = Debug|x64
		{63B4A2EB-DF9A-46C4-BECD-D9B93186C785}.Debug|x64.Build.0 = Debug|x64
		{63B4A2EB-DF9A-46C4-BECD-D9B93186C785}.Release|x64.ActiveCfg = Release|x64
		{63B4A2EB-DF9A-46C4-BECD-D9B93186C785}.Release|x64.Build.0 = Release|x64
		{63B4A2EB-DF9A-46C4-BECD-D9B93186C785}.ReleaseWHQL|x64.ActiveCfg = Release|x64
		{63B4A2EB-DF9A-46C4-BECD-D9B93186C785}.ReleaseWHQL|x64.Build.0 = Release|x64
		{A3D8F2C1-6B4E-4F7A-9D2C-8E5B1A7F3C90}.Debug|x64.ActiveCfg = Debug|x64
		{A3D8F2C1-6B4E-4F7A-9D2C-8E5B1A7F3C90}.Release|x64.ActiveCfg = Release|x64
		{A3D8F2C1-6B4E-4F7A-9D2C-8E5B1A7F3C90}.Release|x64.Build.0 = Release|x64
		{A3D8F2C1-6B4E-4F7A-9D2C-8E5B1A7F3C90}.ReleaseWHQL|x64.ActiveCfg = ReleaseWHQL|x64
		{A3D8F2C1-6B4E-4F7A-9D2C-8E5B1A7F3C90}.ReleaseWHQL|x64.Build.0 = ReleaseWHQL|x64
		{7C3B9E2F-4A1D-4E6C-8B5F-9D2A6C8E1B34}.Debug|x64.ActiveCfg = Debug|x64
		{7C3B9E2F-4A1D-4E6C-8B5F-9D2A6C8E1B34}.Debug|x64.Build.0 = Debug|x64
		{7C3B9E2F-4A1D-4E6C-8B5F-9D2A6C8E1B34}.Release|x64.ActiveCfg = Release|x64
		{7C3B9E2F-4A1D-4E6C-8B5F-9D2A6C8E1B34}.Release|x64.Build.0 = Release|x64
		{7C3B9E2F-4A1D-4E6C-8B5F-9D2A6C8E1B34}.ReleaseWHQL|x64.ActiveCfg = Release|x64
		{9E4D2A7C-5F1B-4C8E-A3D6-1B7F9E2C4A5D}.Debug|x64.ActiveCfg = Debug|x64
		{9E4D2A7C-5F1B-4C8E-A3D6-1B7F9E2C4A5D}.Debug|x64.Build.0 = Debug|x64
		{9E4D2A7C-5F1B-4C8E-A3D6-1B7F9E2C4A5D}.Release|x64.ActiveCfg = Release|x64
		{9E4D2A7C-5F1B-4C8E-A3D6-1B7F9E2C4A5D}.Release|x64.Build.0 = Release|x64
		{9E4D2A7C-5F1B-4C8E-A3D6-1B7F9E2C4A5D}.ReleaseWHQL|x64.ActiveCfg = Release|x64
		{B5E8F3A1-7C2D-4E9B-A4F6-3D8C1E9B5A72}.Debug|x64.ActiveCfg = Debug|x64
		{B5E8F3A1-7C2D-4E9B-A4F6-3D8C1E9B5A72}.Debug|x64.Build.0 = Debug|x64
		{B5E8F3A1-7C2D-4E9B-A4F6-3D8C1E9B5A72}.Release|x64.ActiveCfg = Release|x64
		{B5E8F3A1-7C2D-4E9B-A4F6-3D8C1E9B5A72}.Release|x64.Build.0 = Release|x64
		{B5E8F3A1-7C2D-4E9B-A4F6-3D8C1E9B5A72}.ReleaseWHQL|x64.ActiveCfg = Release|x64
		{D2A6C4E8-9B3F-4A7D-8C1E-6F5A2B9D3E71}.Debug|x64.ActiveCfg = Debug|x64
		{D2A6C4E8-9B3F-4A7D-8C1E-6F5A2B9D3E71}.Debug|x64.Build.0 = Debug|x64
		{D2A6C4E8-9B3F-4A7D-8C1E-6F5A2B9D3E71}.Release|x64.ActiveCfg = Release|x64
		{D2A6C4E8-9B3F-4A7D-8C1E-6F5A2B9D3E71}.Release|x64.Build.0 = Release|x64
		{D2A6C4E8-9B3F-4A7D-8C1E-6F5A2B9D3E71}.ReleaseWHQL|x64.ActiveCfg = Release|x64
		{E7F1A4C2-3B9D-4E6A-9C7F-1D8B4A6E2F53}.Debug|x64.ActiveCfg = Debug|x64
		{E7F1A4C2-3B9D-4E6A-9C7F-1D8B4A6E2F53}.Debug|x64.Build.0 = Debug|x64
		{E7F1A4C2-3B9D-4E6A-9C7F-1D8B4A6E2F53}.Release|x64.ActiveCfg = Release|x64
		{E7F1A4C2-3B9D-4E6A-9C7F-1D8B4A6E2F53}.Release|x64.Build.0 = Release|x64
		{E7F1A4C2-3B9D-4E6A-9C7F-1D8B4A6E2F53}.ReleaseWHQL|x64.ActiveCfg = Release|x64
		{4F8A2E6C-1D9B-4C7A-8E3F-2B6D9A4C7E15}.Debug|x64.ActiveCfg = Debug|x64
		{4F8A2E6C-1D9B-4C7A-8E3F-2B6D9A4C7E15}.Debug|x64.Build.0 = Debug|x64
		{4F8A2E6C-1D9B-4C7A-8E3F-2B6D9A4C7E15}.Release|x64.ActiveCfg = Release|x64
		{4F8A2E6C-1D9B-4C7A-8E3F-2B6D9A4C7E15}.Release|x64.Build.0 = Release|x64
		{4F8A2E6C-1D9B-4C7A-8E3F-2B6D9A4C7E15}.ReleaseWHQL|x64.ActiveCfg = Release|x64
		{A1C4E7B3-6D2F-4A9C-8B5E-3F7A1D9C4E62}.Debug|x64.ActiveCfg = Debug|x64
		{A1C4E7B3-6D2F-4A9C-8B5E-3F7A1D9C4E62}.Debug|x64.Build.0 = Debug|x64
		{A1C4E7B3-6D2F-4A9C-8B5E-3F7A1D9C4E62}.Release|x64.ActiveCfg = Release|x64
		{A1C4E7B3-6D2F-4A9C-8B5E-3F7A1D9C4E62}.Release|x64.Build.0 = Release|x64
		{A1C4E7B3-6D2F-4A9C-8B5E-3F7A1D9C4E62}.ReleaseWHQL|x64.ActiveCfg = Release|x64
		{B3E6A9C1-4F8D-4B2E-9C6A-5D1F8B3E6A94}.Debug|x64.ActiveCfg = Debug|x64
		{B3E6A9C1-4F8D-4B2E-9C6A-5D1F8B3E6A94}.Debug|x64.Build.0 = Debug|x64
		{B3E6A9C1-4F8D-4B2E-9C6A-5D1F8B3E6A94}.Release|x64.ActiveCfg = Release|x64
		{B3E6A9C1-4F8D-4B2E-9C6A-5D1F8B3E6A94}.Release|x64.Build.0 = Release|x64
		{B3E6A9C1-4F8D-4B2E-9C6A-5D1F8B3E6A94}.ReleaseWHQL|x64.ActiveCfg = Release|x64
		{C5F8B2E4-7A1D-4C3F-9E6B-4D2A7C5F8B16}.Debug|x64.ActiveCfg = Debug|x64
		{C5F8B2E4-7A1D-4C3F-9E6B-4D2A7C5F8B16}.Debug|x64.Build.0 = Debug|x64
		{C5F8B2E4-7A1D-4C3F-9E6B-4D2A7C5F8B16}.Release|x64.ActiveCfg = Release|x64
		{C5F8B2E4-7A1D-4C3F-9E6B-4D2A7C5F8B16}.Release|x64.Build.0 = Release|x64
		{C5F8B2E4-7A1D-4C3F-9E6B-4D2A7C5F8B16}.ReleaseWHQL|x64.ActiveCfg = Release|x64
		{D7A2C5E9-3B6F-4D8A-9C1E-6B4F2A7D3C58}.Debug|x64.ActiveCfg = Debug|x64
		{D7A2C5E9-3B6F-4D8A-9C1E-6B4F2A7D3C58}.Debug|x64.Build.0 = Debug|x64
		{D7A2C5E9-3B6F-4D8A-9C1E-6B4F2A7D3C58}.Release|x64.ActiveCfg = Release|x64
		{D7A2C5E9-3B6F-4D8A-9C1E-6B4F2A7D3C58}.Release|x64.Build.0 = Release|x64
		{D7A2C5E9-3B6F-4D8A-9C1E-6B4F2A7D3C58}.ReleaseWHQL|x64.ActiveCfg = Release|x64
	EndGlobalSection
	GlobalSection(SolutionProperties) = preSolution
		HideSolutionNode = FALSE
	EndGlobalSection
	GlobalSection(ExtensibilityGlobals) = postSolution
		SolutionGuid = {F1E4C9A2-3D6B-4A8E-9F1C-2B7D5A6E8C4F}
	EndGlobalSection
EndGlobal
